// !$*UTF8*$!
{
	archiveVersion = 1;
	classes = {
	};
	objectVersion = 46;
	objects = {

/* Begin PBXBuildFile section */
		558EEBD41162B63764C22BE9 /* libPods.a in Frameworks */ = {isa = PBXBuildFile; fileRef = D9A66392C99987CED2C24417 /* libPods.a */; };
		B20016EA1AA8AB9F00886DAB /* LocationHandler.swift in Sources */ = {isa = PBXBuildFile; fileRef = B20016E91AA8AB9F00886DAB /* LocationHandler.swift */; };
		B22942351AA0C6A6001F3B72 /* AppDelegate.swift in Sources */ = {isa = PBXBuildFile; fileRef = B22942341AA0C6A6001F3B72 /* AppDelegate.swift */; };
		B22942371AA0C6A6001F3B72 /* ViewController.swift in Sources */ = {isa = PBXBuildFile; fileRef = B22942361AA0C6A6001F3B72 /* ViewController.swift */; };
		B229423A1AA0C6A6001F3B72 /* Main.storyboard in Resources */ = {isa = PBXBuildFile; fileRef = B22942381AA0C6A6001F3B72 /* Main.storyboard */; };
		B229423C1AA0C6A6001F3B72 /* Images.xcassets in Resources */ = {isa = PBXBuildFile; fileRef = B229423B1AA0C6A6001F3B72 /* Images.xcassets */; };
		B229423F1AA0C6A6001F3B72 /* LaunchScreen.xib in Resources */ = {isa = PBXBuildFile; fileRef = B229423D1AA0C6A6001F3B72 /* LaunchScreen.xib */; };
		B229424B1AA0C6A6001F3B72 /* SLwatchTests.swift in Sources */ = {isa = PBXBuildFile; fileRef = B229424A1AA0C6A6001F3B72 /* SLwatchTests.swift */; };
		B244118F1AA9FE6D0005F26C /* DeparturesRowController.swift in Sources */ = {isa = PBXBuildFile; fileRef = B244118E1AA9FE6D0005F26C /* DeparturesRowController.swift */; };
		B25C61E01AB1F8E600048B30 /* mtr-station.csv in Resources */ = {isa = PBXBuildFile; fileRef = B25C61DE1AB1F8E600048B30 /* mtr-station.csv */; };
		B25C61E11AB1F8E600048B30 /* sl-gtfs.csv in Resources */ = {isa = PBXBuildFile; fileRef = B25C61DF1AB1F8E600048B30 /* sl-gtfs.csv */; };
		B25E5D9F1AB349FB0081EB94 /* MMWormhole.m in Sources */ = {isa = PBXBuildFile; fileRef = B25E5D9E1AB349FB0081EB94 /* MMWormhole.m */; };
		B25E5DA01AB349FB0081EB94 /* MMWormhole.m in Sources */ = {isa = PBXBuildFile; fileRef = B25E5D9E1AB349FB0081EB94 /* MMWormhole.m */; };
		B25F2CAD1AD68307002731A7 /* SwiftyJSON.swift in Sources */ = {isa = PBXBuildFile; fileRef = B25F2CAC1AD68307002731A7 /* SwiftyJSON.swift */; };
		B25F2CAE1AD68307002731A7 /* SwiftyJSON.swift in Sources */ = {isa = PBXBuildFile; fileRef = B25F2CAC1AD68307002731A7 /* SwiftyJSON.swift */; };
		B25F2CB01AD6835C002731A7 /* Alamofire.swift in Sources */ = {isa = PBXBuildFile; fileRef = B25F2CAF1AD6835C002731A7 /* Alamofire.swift */; };
		B25F2CB11AD6835C002731A7 /* Alamofire.swift in Sources */ = {isa = PBXBuildFile; fileRef = B25F2CAF1AD6835C002731A7 /* Alamofire.swift */; };
		B2764B1B1AAEF48B00B22A85 /* FilterInterfaceController.swift in Sources */ = {isa = PBXBuildFile; fileRef = B2764B1A1AAEF48B00B22A85 /* FilterInterfaceController.swift */; };
		B2764B251AAF464900B22A85 /* FavouritesInterfaceController.swift in Sources */ = {isa = PBXBuildFile; fileRef = B2764B241AAF464900B22A85 /* FavouritesInterfaceController.swift */; };
		B29AD4AF1AB30A3900A5B853 /* MapInterfaceController.swift in Sources */ = {isa = PBXBuildFile; fileRef = B29AD4AE1AB30A3900A5B853 /* MapInterfaceController.swift */; };
		B2B133791AD4109300D90F58 /* FavouriteStationsTableViewController.swift in Sources */ = {isa = PBXBuildFile; fileRef = B2B133781AD4109300D90F58 /* FavouriteStationsTableViewController.swift */; };
		B2BB1E851AD434B7000EBB49 /* 1024.png in Resources */ = {isa = PBXBuildFile; fileRef = B2BB1E841AD434B7000EBB49 /* 1024.png */; };
		B2D253191AB334E200565001 /* GlanceInterfaceController.swift in Sources */ = {isa = PBXBuildFile; fileRef = B2D253181AB334E200565001 /* GlanceInterfaceController.swift */; };
		B2D312AB1AB7135A00F72B6A /* NearbyStationsTableViewController.swift in Sources */ = {isa = PBXBuildFile; fileRef = B2D312AA1AB7135A00F72B6A /* NearbyStationsTableViewController.swift */; };
		B2D312AD1AB717CA00F72B6A /* UtilityFunctions.swift in Sources */ = {isa = PBXBuildFile; fileRef = B2D312AC1AB717CA00F72B6A /* UtilityFunctions.swift */; };
		B2D312AF1AB7192C00F72B6A /* UtilityFunctions.swift in Sources */ = {isa = PBXBuildFile; fileRef = B2D312AC1AB717CA00F72B6A /* UtilityFunctions.swift */; };
		B2D312B31AB71D3500F72B6A /* DeparturesTableViewController.swift in Sources */ = {isa = PBXBuildFile; fileRef = B2D312B21AB71D3500F72B6A /* DeparturesTableViewController.swift */; };
		B2D312B81AB7246D00F72B6A /* DepartureTableViewCell.swift in Sources */ = {isa = PBXBuildFile; fileRef = B2D312B71AB7246D00F72B6A /* DepartureTableViewCell.swift */; };
		B2D312BA1AB725CD00F72B6A /* StationTableViewCell.swift in Sources */ = {isa = PBXBuildFile; fileRef = B2D312B91AB725CD00F72B6A /* StationTableViewCell.swift */; };
		B2D530251AA71B6000F4FBA2 /* CoreLocation.framework in Frameworks */ = {isa = PBXBuildFile; fileRef = B2D530241AA71B6000F4FBA2 /* CoreLocation.framework */; };
		B2D530291AA73C9900F4FBA2 /* Departure.swift in Sources */ = {isa = PBXBuildFile; fileRef = B2D530281AA73C9900F4FBA2 /* Departure.swift */; };
		B2D5302B1AA7589700F4FBA2 /* NearbyStationsInterfaceController.swift in Sources */ = {isa = PBXBuildFile; fileRef = B2D5302A1AA7589700F4FBA2 /* NearbyStationsInterfaceController.swift */; };
		B2D5302D1AA75AFE00F4FBA2 /* RowController.swift in Sources */ = {isa = PBXBuildFile; fileRef = B2D5302C1AA75AFE00F4FBA2 /* RowController.swift */; };
		B2D6EE141ACC1CEA00FA53F3 /* Localizable.strings in Resources */ = {isa = PBXBuildFile; fileRef = B2D6EE161ACC1CEA00FA53F3 /* Localizable.strings */; };
		B2D6EE191ACC1EC400FA53F3 /* Localizable.strings in Resources */ = {isa = PBXBuildFile; fileRef = B2D6EE161ACC1CEA00FA53F3 /* Localizable.strings */; };
		B2D6EE1A1ACC1EC500FA53F3 /* Localizable.strings in Resources */ = {isa = PBXBuildFile; fileRef = B2D6EE161ACC1CEA00FA53F3 /* Localizable.strings */; };
		B2E2D1B71AA9D4A9006B2FE9 /* DeparturesInterfaceController.swift in Sources */ = {isa = PBXBuildFile; fileRef = B2E2D1B61AA9D4A9006B2FE9 /* DeparturesInterfaceController.swift */; };
		B2EF0B1C1AA0D0E400AA093B /* InterfaceController.swift in Sources */ = {isa = PBXBuildFile; fileRef = B2EF0B1B1AA0D0E400AA093B /* InterfaceController.swift */; };
		B2EF0B1E1AA0D0E400AA093B /* NotificationController.swift in Sources */ = {isa = PBXBuildFile; fileRef = B2EF0B1D1AA0D0E400AA093B /* NotificationController.swift */; };
		B2EF0B201AA0D0E400AA093B /* Images.xcassets in Resources */ = {isa = PBXBuildFile; fileRef = B2EF0B1F1AA0D0E400AA093B /* Images.xcassets */; };
		B2EF0B241AA0D0E400AA093B /* SLwatch WatchKit App.app in Resources */ = {isa = PBXBuildFile; fileRef = B2EF0B231AA0D0E400AA093B /* SLwatch WatchKit App.app */; };
		B2EF0B2C1AA0D0E400AA093B /* Interface.storyboard in Resources */ = {isa = PBXBuildFile; fileRef = B2EF0B2A1AA0D0E400AA093B /* Interface.storyboard */; };
		B2EF0B2E1AA0D0E400AA093B /* Images.xcassets in Resources */ = {isa = PBXBuildFile; fileRef = B2EF0B2D1AA0D0E400AA093B /* Images.xcassets */; };
		B2EF0B311AA0D0E400AA093B /* SLwatch WatchKit Extension.appex in Embed App Extensions */ = {isa = PBXBuildFile; fileRef = B2EF0B161AA0D0E400AA093B /* SLwatch WatchKit Extension.appex */; settings = {ATTRIBUTES = (RemoveHeadersOnCopy, ); }; };
		B2EFB1A31AA896A2001E2F26 /* Departure.swift in Sources */ = {isa = PBXBuildFile; fileRef = B2D530281AA73C9900F4FBA2 /* Departure.swift */; };
		B2EFB1A41AA896A3001E2F26 /* Departure.swift in Sources */ = {isa = PBXBuildFile; fileRef = B2D530281AA73C9900F4FBA2 /* Departure.swift */; };
		B2EFB1A51AA8A54D001E2F26 /* Station.swift in Sources */ = {isa = PBXBuildFile; fileRef = B2D530261AA73BDD00F4FBA2 /* Station.swift */; };
		B2EFB1A61AA8A55C001E2F26 /* Station.swift in Sources */ = {isa = PBXBuildFile; fileRef = B2D530261AA73BDD00F4FBA2 /* Station.swift */; };
		B2EFB1A71AA8A55D001E2F26 /* Station.swift in Sources */ = {isa = PBXBuildFile; fileRef = B2D530261AA73BDD00F4FBA2 /* Station.swift */; };
		DACFE78091DA8D0F8B10A0C7 /* libPods.a in Frameworks */ = {isa = PBXBuildFile; fileRef = D9A66392C99987CED2C24417 /* libPods.a */; };
/* End PBXBuildFile section */

/* Begin PBXContainerItemProxy section */
		B22942451AA0C6A6001F3B72 /* PBXContainerItemProxy */ = {
			isa = PBXContainerItemProxy;
			containerPortal = B22942271AA0C6A6001F3B72 /* Project object */;
			proxyType = 1;
			remoteGlobalIDString = B229422E1AA0C6A6001F3B72;
			remoteInfo = SLwatch;
		};
		B2EF0B251AA0D0E400AA093B /* PBXContainerItemProxy */ = {
			isa = PBXContainerItemProxy;
			containerPortal = B22942271AA0C6A6001F3B72 /* Project object */;
			proxyType = 1;
			remoteGlobalIDString = B2EF0B221AA0D0E400AA093B;
			remoteInfo = "SLwatch WatchKit App";
		};
		B2EF0B2F1AA0D0E400AA093B /* PBXContainerItemProxy */ = {
			isa = PBXContainerItemProxy;
			containerPortal = B22942271AA0C6A6001F3B72 /* Project object */;
			proxyType = 1;
			remoteGlobalIDString = B2EF0B151AA0D0E400AA093B;
			remoteInfo = "SLwatch WatchKit Extension";
		};
/* End PBXContainerItemProxy section */

/* Begin PBXCopyFilesBuildPhase section */
		B2EF0B381AA0D0E400AA093B /* Embed App Extensions */ = {
			isa = PBXCopyFilesBuildPhase;
			buildActionMask = 2147483647;
			dstPath = "";
			dstSubfolderSpec = 13;
			files = (
				B2EF0B311AA0D0E400AA093B /* SLwatch WatchKit Extension.appex in Embed App Extensions */,
			);
			name = "Embed App Extensions";
			runOnlyForDeploymentPostprocessing = 0;
		};
/* End PBXCopyFilesBuildPhase section */

/* Begin PBXFileReference section */
		20526A20AE393A3E45AFB72C /* Pods.debug.xcconfig */ = {isa = PBXFileReference; includeInIndex = 1; lastKnownFileType = text.xcconfig; name = Pods.debug.xcconfig; path = "Pods/Target Support Files/Pods/Pods.debug.xcconfig"; sourceTree = "<group>"; };
		5C9CA7B856BAF1B795E582CD /* Pods.release.xcconfig */ = {isa = PBXFileReference; includeInIndex = 1; lastKnownFileType = text.xcconfig; name = Pods.release.xcconfig; path = "Pods/Target Support Files/Pods/Pods.release.xcconfig"; sourceTree = "<group>"; };
		B20016E91AA8AB9F00886DAB /* LocationHandler.swift */ = {isa = PBXFileReference; fileEncoding = 4; lastKnownFileType = sourcecode.swift; path = LocationHandler.swift; sourceTree = "<group>"; };
		B229422F1AA0C6A6001F3B72 /* SLwatch.app */ = {isa = PBXFileReference; explicitFileType = wrapper.application; includeInIndex = 0; path = SLwatch.app; sourceTree = BUILT_PRODUCTS_DIR; };
		B22942331AA0C6A6001F3B72 /* Info.plist */ = {isa = PBXFileReference; lastKnownFileType = text.plist.xml; path = Info.plist; sourceTree = "<group>"; };
		B22942341AA0C6A6001F3B72 /* AppDelegate.swift */ = {isa = PBXFileReference; lastKnownFileType = sourcecode.swift; path = AppDelegate.swift; sourceTree = "<group>"; };
		B22942361AA0C6A6001F3B72 /* ViewController.swift */ = {isa = PBXFileReference; lastKnownFileType = sourcecode.swift; path = ViewController.swift; sourceTree = "<group>"; };
		B22942391AA0C6A6001F3B72 /* Base */ = {isa = PBXFileReference; lastKnownFileType = file.storyboard; name = Base; path = Base.lproj/Main.storyboard; sourceTree = "<group>"; };
		B229423B1AA0C6A6001F3B72 /* Images.xcassets */ = {isa = PBXFileReference; lastKnownFileType = folder.assetcatalog; path = Images.xcassets; sourceTree = "<group>"; };
		B229423E1AA0C6A6001F3B72 /* Base */ = {isa = PBXFileReference; lastKnownFileType = file.xib; name = Base; path = Base.lproj/LaunchScreen.xib; sourceTree = "<group>"; };
		B22942441AA0C6A6001F3B72 /* SLwatchTests.xctest */ = {isa = PBXFileReference; explicitFileType = wrapper.cfbundle; includeInIndex = 0; path = SLwatchTests.xctest; sourceTree = BUILT_PRODUCTS_DIR; };
		B22942491AA0C6A6001F3B72 /* Info.plist */ = {isa = PBXFileReference; lastKnownFileType = text.plist.xml; path = Info.plist; sourceTree = "<group>"; };
		B229424A1AA0C6A6001F3B72 /* SLwatchTests.swift */ = {isa = PBXFileReference; lastKnownFileType = sourcecode.swift; path = SLwatchTests.swift; sourceTree = "<group>"; };
		B244118E1AA9FE6D0005F26C /* DeparturesRowController.swift */ = {isa = PBXFileReference; fileEncoding = 4; lastKnownFileType = sourcecode.swift; path = DeparturesRowController.swift; sourceTree = "<group>"; };
		B25C61DE1AB1F8E600048B30 /* mtr-station.csv */ = {isa = PBXFileReference; fileEncoding = 4; lastKnownFileType = text; path = "mtr-station.csv"; sourceTree = "<group>"; };
		B25C61DF1AB1F8E600048B30 /* sl-gtfs.csv */ = {isa = PBXFileReference; fileEncoding = 4; lastKnownFileType = text; path = "sl-gtfs.csv"; sourceTree = "<group>"; };
		B25E5D9D1AB349FB0081EB94 /* MMWormhole.h */ = {isa = PBXFileReference; fileEncoding = 4; lastKnownFileType = sourcecode.c.h; path = MMWormhole.h; sourceTree = "<group>"; };
		B25E5D9E1AB349FB0081EB94 /* MMWormhole.m */ = {isa = PBXFileReference; fileEncoding = 4; lastKnownFileType = sourcecode.c.objc; path = MMWormhole.m; sourceTree = "<group>"; };
		B25F2CAC1AD68307002731A7 /* SwiftyJSON.swift */ = {isa = PBXFileReference; fileEncoding = 4; lastKnownFileType = sourcecode.swift; path = SwiftyJSON.swift; sourceTree = "<group>"; };
		B25F2CAF1AD6835C002731A7 /* Alamofire.swift */ = {isa = PBXFileReference; fileEncoding = 4; lastKnownFileType = sourcecode.swift; path = Alamofire.swift; sourceTree = "<group>"; };
		B2764B1A1AAEF48B00B22A85 /* FilterInterfaceController.swift */ = {isa = PBXFileReference; fileEncoding = 4; lastKnownFileType = sourcecode.swift; path = FilterInterfaceController.swift; sourceTree = "<group>"; };
		B2764B241AAF464900B22A85 /* FavouritesInterfaceController.swift */ = {isa = PBXFileReference; fileEncoding = 4; lastKnownFileType = sourcecode.swift; path = FavouritesInterfaceController.swift; sourceTree = "<group>"; };
		B29AD4AE1AB30A3900A5B853 /* MapInterfaceController.swift */ = {isa = PBXFileReference; fileEncoding = 4; lastKnownFileType = sourcecode.swift; path = MapInterfaceController.swift; sourceTree = "<group>"; };
		B2B133781AD4109300D90F58 /* FavouriteStationsTableViewController.swift */ = {isa = PBXFileReference; fileEncoding = 4; lastKnownFileType = sourcecode.swift; path = FavouriteStationsTableViewController.swift; sourceTree = "<group>"; };
		B2BB1E841AD434B7000EBB49 /* 1024.png */ = {isa = PBXFileReference; lastKnownFileType = image.png; path = 1024.png; sourceTree = "<group>"; };
		B2BC26251AA8582A00AF7FE7 /* SLwatch WatchKit Extension-Bridging-Header.h */ = {isa = PBXFileReference; lastKnownFileType = sourcecode.c.h; path = "SLwatch WatchKit Extension-Bridging-Header.h"; sourceTree = "<group>"; };
		B2D253181AB334E200565001 /* GlanceInterfaceController.swift */ = {isa = PBXFileReference; fileEncoding = 4; lastKnownFileType = sourcecode.swift; path = GlanceInterfaceController.swift; sourceTree = "<group>"; };
		B2D312AA1AB7135A00F72B6A /* NearbyStationsTableViewController.swift */ = {isa = PBXFileReference; fileEncoding = 4; lastKnownFileType = sourcecode.swift; path = NearbyStationsTableViewController.swift; sourceTree = "<group>"; };
		B2D312AC1AB717CA00F72B6A /* UtilityFunctions.swift */ = {isa = PBXFileReference; fileEncoding = 4; lastKnownFileType = sourcecode.swift; path = UtilityFunctions.swift; sourceTree = "<group>"; };
		B2D312B21AB71D3500F72B6A /* DeparturesTableViewController.swift */ = {isa = PBXFileReference; fileEncoding = 4; lastKnownFileType = sourcecode.swift; path = DeparturesTableViewController.swift; sourceTree = "<group>"; };
		B2D312B71AB7246D00F72B6A /* DepartureTableViewCell.swift */ = {isa = PBXFileReference; fileEncoding = 4; lastKnownFileType = sourcecode.swift; path = DepartureTableViewCell.swift; sourceTree = "<group>"; };
		B2D312B91AB725CD00F72B6A /* StationTableViewCell.swift */ = {isa = PBXFileReference; fileEncoding = 4; lastKnownFileType = sourcecode.swift; path = StationTableViewCell.swift; sourceTree = "<group>"; };
		B2D530241AA71B6000F4FBA2 /* CoreLocation.framework */ = {isa = PBXFileReference; lastKnownFileType = wrapper.framework; name = CoreLocation.framework; path = System/Library/Frameworks/CoreLocation.framework; sourceTree = SDKROOT; };
		B2D530261AA73BDD00F4FBA2 /* Station.swift */ = {isa = PBXFileReference; fileEncoding = 4; lastKnownFileType = sourcecode.swift; path = Station.swift; sourceTree = "<group>"; };
		B2D530281AA73C9900F4FBA2 /* Departure.swift */ = {isa = PBXFileReference; fileEncoding = 4; lastKnownFileType = sourcecode.swift; path = Departure.swift; sourceTree = "<group>"; };
		B2D5302A1AA7589700F4FBA2 /* NearbyStationsInterfaceController.swift */ = {isa = PBXFileReference; fileEncoding = 4; lastKnownFileType = sourcecode.swift; path = NearbyStationsInterfaceController.swift; sourceTree = "<group>"; };
		B2D5302C1AA75AFE00F4FBA2 /* RowController.swift */ = {isa = PBXFileReference; fileEncoding = 4; lastKnownFileType = sourcecode.swift; path = RowController.swift; sourceTree = "<group>"; };
		B2D6055C1AA853F200C0A1C1 /* libPods-AFNetworking.a */ = {isa = PBXFileReference; lastKnownFileType = archive.ar; name = "libPods-AFNetworking.a"; path = "Pods/../build/Debug-iphoneos/libPods-AFNetworking.a"; sourceTree = "<group>"; };
		B2D6055E1AA853FA00C0A1C1 /* libPods.a */ = {isa = PBXFileReference; lastKnownFileType = archive.ar; name = libPods.a; path = "Pods/../build/Debug-iphoneos/libPods.a"; sourceTree = "<group>"; };
		B2D605601AA8547900C0A1C1 /* libPods-AFNetworking.a */ = {isa = PBXFileReference; lastKnownFileType = archive.ar; name = "libPods-AFNetworking.a"; path = "Pods/../build/Debug-iphoneos/libPods-AFNetworking.a"; sourceTree = "<group>"; };
		B2D605621AA8548E00C0A1C1 /* libPods.a */ = {isa = PBXFileReference; lastKnownFileType = archive.ar; name = libPods.a; path = "Pods/../build/Debug-iphoneos/libPods.a"; sourceTree = "<group>"; };
		B2D6EE0F1ACC147500FA53F3 /* sv */ = {isa = PBXFileReference; lastKnownFileType = text.plist.strings; name = sv; path = sv.lproj/Main.strings; sourceTree = "<group>"; };
		B2D6EE101ACC147500FA53F3 /* sv */ = {isa = PBXFileReference; lastKnownFileType = text.plist.strings; name = sv; path = sv.lproj/LaunchScreen.strings; sourceTree = "<group>"; };
		B2D6EE111ACC147500FA53F3 /* sv */ = {isa = PBXFileReference; lastKnownFileType = text.plist.strings; name = sv; path = sv.lproj/Interface.strings; sourceTree = "<group>"; };
		B2D6EE151ACC1CEA00FA53F3 /* sv */ = {isa = PBXFileReference; lastKnownFileType = text.plist.strings; name = sv; path = sv.lproj/Localizable.strings; sourceTree = "<group>"; };
		B2D6EE171ACC1CF700FA53F3 /* en */ = {isa = PBXFileReference; lastKnownFileType = text.plist.strings; name = en; path = en.lproj/Localizable.strings; sourceTree = "<group>"; };
		B2E2D1B61AA9D4A9006B2FE9 /* DeparturesInterfaceController.swift */ = {isa = PBXFileReference; fileEncoding = 4; lastKnownFileType = sourcecode.swift; path = DeparturesInterfaceController.swift; sourceTree = "<group>"; };
		B2EF0B0F1AA0D0A900AA093B /* SLwatch-Bridging-Header.h */ = {isa = PBXFileReference; lastKnownFileType = sourcecode.c.h; path = "SLwatch-Bridging-Header.h"; sourceTree = "<group>"; };
		B2EF0B161AA0D0E400AA093B /* SLwatch WatchKit Extension.appex */ = {isa = PBXFileReference; explicitFileType = "wrapper.app-extension"; includeInIndex = 0; path = "SLwatch WatchKit Extension.appex"; sourceTree = BUILT_PRODUCTS_DIR; };
		B2EF0B191AA0D0E400AA093B /* Info.plist */ = {isa = PBXFileReference; lastKnownFileType = text.plist.xml; path = Info.plist; sourceTree = "<group>"; };
		B2EF0B1A1AA0D0E400AA093B /* PushNotificationPayload.apns */ = {isa = PBXFileReference; lastKnownFileType = text; path = PushNotificationPayload.apns; sourceTree = "<group>"; };
		B2EF0B1B1AA0D0E400AA093B /* InterfaceController.swift */ = {isa = PBXFileReference; lastKnownFileType = sourcecode.swift; path = InterfaceController.swift; sourceTree = "<group>"; };
		B2EF0B1D1AA0D0E400AA093B /* NotificationController.swift */ = {isa = PBXFileReference; lastKnownFileType = sourcecode.swift; path = NotificationController.swift; sourceTree = "<group>"; };
		B2EF0B1F1AA0D0E400AA093B /* Images.xcassets */ = {isa = PBXFileReference; lastKnownFileType = folder.assetcatalog; path = Images.xcassets; sourceTree = "<group>"; };
		B2EF0B231AA0D0E400AA093B /* SLwatch WatchKit App.app */ = {isa = PBXFileReference; explicitFileType = wrapper.application; includeInIndex = 0; path = "SLwatch WatchKit App.app"; sourceTree = BUILT_PRODUCTS_DIR; };
		B2EF0B291AA0D0E400AA093B /* Info.plist */ = {isa = PBXFileReference; lastKnownFileType = text.plist.xml; path = Info.plist; sourceTree = "<group>"; };
		B2EF0B2B1AA0D0E400AA093B /* Base */ = {isa = PBXFileReference; lastKnownFileType = file.storyboard; name = Base; path = Base.lproj/Interface.storyboard; sourceTree = "<group>"; };
		B2EF0B2D1AA0D0E400AA093B /* Images.xcassets */ = {isa = PBXFileReference; lastKnownFileType = folder.assetcatalog; path = Images.xcassets; sourceTree = "<group>"; };
		B2EFB19D1AA86B4A001E2F26 /* SLwatch WatchKit Extension.entitlements */ = {isa = PBXFileReference; lastKnownFileType = text.xml; path = "SLwatch WatchKit Extension.entitlements"; sourceTree = "<group>"; };
		B2EFB19E1AA86BD3001E2F26 /* SLwatch.entitlements */ = {isa = PBXFileReference; lastKnownFileType = text.xml; path = SLwatch.entitlements; sourceTree = "<group>"; };
		D9A66392C99987CED2C24417 /* libPods.a */ = {isa = PBXFileReference; explicitFileType = archive.ar; includeInIndex = 0; path = libPods.a; sourceTree = BUILT_PRODUCTS_DIR; };
/* End PBXFileReference section */

/* Begin PBXFrameworksBuildPhase section */
		B229422C1AA0C6A6001F3B72 /* Frameworks */ = {
			isa = PBXFrameworksBuildPhase;
			buildActionMask = 2147483647;
			files = (
				B2D530251AA71B6000F4FBA2 /* CoreLocation.framework in Frameworks */,
				DACFE78091DA8D0F8B10A0C7 /* libPods.a in Frameworks */,
			);
			runOnlyForDeploymentPostprocessing = 0;
		};
		B22942411AA0C6A6001F3B72 /* Frameworks */ = {
			isa = PBXFrameworksBuildPhase;
			buildActionMask = 2147483647;
			files = (
			);
			runOnlyForDeploymentPostprocessing = 0;
		};
		B2EF0B131AA0D0E400AA093B /* Frameworks */ = {
			isa = PBXFrameworksBuildPhase;
			buildActionMask = 2147483647;
			files = (
				558EEBD41162B63764C22BE9 /* libPods.a in Frameworks */,
			);
			runOnlyForDeploymentPostprocessing = 0;
		};
/* End PBXFrameworksBuildPhase section */

/* Begin PBXGroup section */
		2785C6086B91C2E7677ACFC1 /* Frameworks */ = {
			isa = PBXGroup;
			children = (
				B2D605621AA8548E00C0A1C1 /* libPods.a */,
				B2D605601AA8547900C0A1C1 /* libPods-AFNetworking.a */,
				B2D6055E1AA853FA00C0A1C1 /* libPods.a */,
				B2D6055C1AA853F200C0A1C1 /* libPods-AFNetworking.a */,
				B2D530241AA71B6000F4FBA2 /* CoreLocation.framework */,
				D9A66392C99987CED2C24417 /* libPods.a */,
			);
			name = Frameworks;
			sourceTree = "<group>";
		};
		A93AAE6C3EB263C5609E2165 /* Pods */ = {
			isa = PBXGroup;
			children = (
				20526A20AE393A3E45AFB72C /* Pods.debug.xcconfig */,
				5C9CA7B856BAF1B795E582CD /* Pods.release.xcconfig */,
			);
			name = Pods;
			sourceTree = "<group>";
		};
		B22942261AA0C6A6001F3B72 = {
			isa = PBXGroup;
			children = (
				B22942311AA0C6A6001F3B72 /* SLwatch */,
				B22942471AA0C6A6001F3B72 /* SLwatchTests */,
				B2EF0B171AA0D0E400AA093B /* SLwatch WatchKit Extension */,
				B2EF0B271AA0D0E400AA093B /* SLwatch WatchKit App */,
				B22942301AA0C6A6001F3B72 /* Products */,
				A93AAE6C3EB263C5609E2165 /* Pods */,
				2785C6086B91C2E7677ACFC1 /* Frameworks */,
			);
			sourceTree = "<group>";
		};
		B22942301AA0C6A6001F3B72 /* Products */ = {
			isa = PBXGroup;
			children = (
				B229422F1AA0C6A6001F3B72 /* SLwatch.app */,
				B22942441AA0C6A6001F3B72 /* SLwatchTests.xctest */,
				B2EF0B161AA0D0E400AA093B /* SLwatch WatchKit Extension.appex */,
				B2EF0B231AA0D0E400AA093B /* SLwatch WatchKit App.app */,
			);
			name = Products;
			sourceTree = "<group>";
		};
		B22942311AA0C6A6001F3B72 /* SLwatch */ = {
			isa = PBXGroup;
			children = (
				B25E5D9D1AB349FB0081EB94 /* MMWormhole.h */,
				B25E5D9E1AB349FB0081EB94 /* MMWormhole.m */,
				B2EFB19E1AA86BD3001E2F26 /* SLwatch.entitlements */,
				B22942341AA0C6A6001F3B72 /* AppDelegate.swift */,
				B2D530261AA73BDD00F4FBA2 /* Station.swift */,
				B20016E91AA8AB9F00886DAB /* LocationHandler.swift */,
				B2D312B21AB71D3500F72B6A /* DeparturesTableViewController.swift */,
				B2D312B91AB725CD00F72B6A /* StationTableViewCell.swift */,
				B2D312B71AB7246D00F72B6A /* DepartureTableViewCell.swift */,
				B2B133781AD4109300D90F58 /* FavouriteStationsTableViewController.swift */,
				B2D312AA1AB7135A00F72B6A /* NearbyStationsTableViewController.swift */,
				B22942361AA0C6A6001F3B72 /* ViewController.swift */,
				B2D530281AA73C9900F4FBA2 /* Departure.swift */,
				B22942381AA0C6A6001F3B72 /* Main.storyboard */,
				B229423B1AA0C6A6001F3B72 /* Images.xcassets */,
				B2BB1E841AD434B7000EBB49 /* 1024.png */,
				B229423D1AA0C6A6001F3B72 /* LaunchScreen.xib */,
				B2EF0B0F1AA0D0A900AA093B /* SLwatch-Bridging-Header.h */,
				B22942321AA0C6A6001F3B72 /* Supporting Files */,
				B2D6EE161ACC1CEA00FA53F3 /* Localizable.strings */,
			);
			path = SLwatch;
			sourceTree = "<group>";
		};
		B22942321AA0C6A6001F3B72 /* Supporting Files */ = {
			isa = PBXGroup;
			children = (
				B22942331AA0C6A6001F3B72 /* Info.plist */,
			);
			name = "Supporting Files";
			sourceTree = "<group>";
		};
		B22942471AA0C6A6001F3B72 /* SLwatchTests */ = {
			isa = PBXGroup;
			children = (
				B229424A1AA0C6A6001F3B72 /* SLwatchTests.swift */,
				B22942481AA0C6A6001F3B72 /* Supporting Files */,
			);
			path = SLwatchTests;
			sourceTree = "<group>";
		};
		B22942481AA0C6A6001F3B72 /* Supporting Files */ = {
			isa = PBXGroup;
			children = (
				B22942491AA0C6A6001F3B72 /* Info.plist */,
			);
			name = "Supporting Files";
			sourceTree = "<group>";
		};
		B25C61DB1AB1F8BE00048B30 /* Swift Extension Libraries */ = {
			isa = PBXGroup;
			children = (
				B25F2CAF1AD6835C002731A7 /* Alamofire.swift */,
				B25F2CAC1AD68307002731A7 /* SwiftyJSON.swift */,
			);
			name = "Swift Extension Libraries";
			sourceTree = "<group>";
		};
		B2EF0B171AA0D0E400AA093B /* SLwatch WatchKit Extension */ = {
			isa = PBXGroup;
			children = (
				B25C61DB1AB1F8BE00048B30 /* Swift Extension Libraries */,
				B2EFB19D1AA86B4A001E2F26 /* SLwatch WatchKit Extension.entitlements */,
				B2D312AC1AB717CA00F72B6A /* UtilityFunctions.swift */,
				B2EF0B1B1AA0D0E400AA093B /* InterfaceController.swift */,
				B2D5302A1AA7589700F4FBA2 /* NearbyStationsInterfaceController.swift */,
				B2764B241AAF464900B22A85 /* FavouritesInterfaceController.swift */,
				B2D253181AB334E200565001 /* GlanceInterfaceController.swift */,
				B29AD4AE1AB30A3900A5B853 /* MapInterfaceController.swift */,
				B2764B1A1AAEF48B00B22A85 /* FilterInterfaceController.swift */,
				B244118E1AA9FE6D0005F26C /* DeparturesRowController.swift */,
				B2E2D1B61AA9D4A9006B2FE9 /* DeparturesInterfaceController.swift */,
				B2EF0B1D1AA0D0E400AA093B /* NotificationController.swift */,
				B2D5302C1AA75AFE00F4FBA2 /* RowController.swift */,
				B25C61DE1AB1F8E600048B30 /* mtr-station.csv */,
				B25C61DF1AB1F8E600048B30 /* sl-gtfs.csv */,
				B2EF0B1F1AA0D0E400AA093B /* Images.xcassets */,
				B2BC26251AA8582A00AF7FE7 /* SLwatch WatchKit Extension-Bridging-Header.h */,
				B2EF0B181AA0D0E400AA093B /* Supporting Files */,
			);
			path = "SLwatch WatchKit Extension";
			sourceTree = "<group>";
		};
		B2EF0B181AA0D0E400AA093B /* Supporting Files */ = {
			isa = PBXGroup;
			children = (
				B2EF0B191AA0D0E400AA093B /* Info.plist */,
				B2EF0B1A1AA0D0E400AA093B /* PushNotificationPayload.apns */,
			);
			name = "Supporting Files";
			sourceTree = "<group>";
		};
		B2EF0B271AA0D0E400AA093B /* SLwatch WatchKit App */ = {
			isa = PBXGroup;
			children = (
				B2EF0B2A1AA0D0E400AA093B /* Interface.storyboard */,
				B2EF0B2D1AA0D0E400AA093B /* Images.xcassets */,
				B2EF0B281AA0D0E400AA093B /* Supporting Files */,
			);
			path = "SLwatch WatchKit App";
			sourceTree = "<group>";
		};
		B2EF0B281AA0D0E400AA093B /* Supporting Files */ = {
			isa = PBXGroup;
			children = (
				B2EF0B291AA0D0E400AA093B /* Info.plist */,
			);
			name = "Supporting Files";
			sourceTree = "<group>";
		};
/* End PBXGroup section */

/* Begin PBXNativeTarget section */
		B229422E1AA0C6A6001F3B72 /* SLwatch */ = {
			isa = PBXNativeTarget;
			buildConfigurationList = B229424E1AA0C6A6001F3B72 /* Build configuration list for PBXNativeTarget "SLwatch" */;
			buildPhases = (
				DD81E87D9C049D2C7D26AD6B /* Check Pods Manifest.lock */,
				B229422B1AA0C6A6001F3B72 /* Sources */,
				B229422C1AA0C6A6001F3B72 /* Frameworks */,
				B229422D1AA0C6A6001F3B72 /* Resources */,
				6723CDAA86A13D0EE5A63CEC /* Copy Pods Resources */,
				B2EF0B381AA0D0E400AA093B /* Embed App Extensions */,
			);
			buildRules = (
			);
			dependencies = (
				B2EF0B301AA0D0E400AA093B /* PBXTargetDependency */,
			);
			name = SLwatch;
			productName = SLwatch;
			productReference = B229422F1AA0C6A6001F3B72 /* SLwatch.app */;
			productType = "com.apple.product-type.application";
		};
		B22942431AA0C6A6001F3B72 /* SLwatchTests */ = {
			isa = PBXNativeTarget;
			buildConfigurationList = B22942511AA0C6A6001F3B72 /* Build configuration list for PBXNativeTarget "SLwatchTests" */;
			buildPhases = (
				B22942401AA0C6A6001F3B72 /* Sources */,
				B22942411AA0C6A6001F3B72 /* Frameworks */,
				B22942421AA0C6A6001F3B72 /* Resources */,
			);
			buildRules = (
			);
			dependencies = (
				B22942461AA0C6A6001F3B72 /* PBXTargetDependency */,
			);
			name = SLwatchTests;
			productName = SLwatchTests;
			productReference = B22942441AA0C6A6001F3B72 /* SLwatchTests.xctest */;
			productType = "com.apple.product-type.bundle.unit-test";
		};
		B2EF0B151AA0D0E400AA093B /* SLwatch WatchKit Extension */ = {
			isa = PBXNativeTarget;
			buildConfigurationList = B2EF0B351AA0D0E400AA093B /* Build configuration list for PBXNativeTarget "SLwatch WatchKit Extension" */;
			buildPhases = (
				9584267C73B38C94EC6CC954 /* Check Pods Manifest.lock */,
				B2EF0B121AA0D0E400AA093B /* Sources */,
				B2EF0B131AA0D0E400AA093B /* Frameworks */,
				B2EF0B141AA0D0E400AA093B /* Resources */,
				8D0EE26C0CC7329BC76F8E94 /* Copy Pods Resources */,
			);
			buildRules = (
			);
			dependencies = (
				B2EF0B261AA0D0E400AA093B /* PBXTargetDependency */,
			);
			name = "SLwatch WatchKit Extension";
			productName = "SLwatch WatchKit Extension";
			productReference = B2EF0B161AA0D0E400AA093B /* SLwatch WatchKit Extension.appex */;
			productType = "com.apple.product-type.watchkit-extension";
		};
		B2EF0B221AA0D0E400AA093B /* SLwatch WatchKit App */ = {
			isa = PBXNativeTarget;
			buildConfigurationList = B2EF0B321AA0D0E400AA093B /* Build configuration list for PBXNativeTarget "SLwatch WatchKit App" */;
			buildPhases = (
				B2EF0B211AA0D0E400AA093B /* Resources */,
			);
			buildRules = (
			);
			dependencies = (
			);
			name = "SLwatch WatchKit App";
			productName = "SLwatch WatchKit App";
			productReference = B2EF0B231AA0D0E400AA093B /* SLwatch WatchKit App.app */;
			productType = "com.apple.product-type.application.watchapp";
		};
/* End PBXNativeTarget section */

/* Begin PBXProject section */
		B22942271AA0C6A6001F3B72 /* Project object */ = {
			isa = PBXProject;
			attributes = {
				LastUpgradeCheck = 0630;
				ORGANIZATIONNAME = dna;
				TargetAttributes = {
					B229422E1AA0C6A6001F3B72 = {
						CreatedOnToolsVersion = 6.3;
						DevelopmentTeam = 7SX7NNMX7Q;
						SystemCapabilities = {
							com.apple.ApplicationGroups.iOS = {
								enabled = 1;
							};
						};
					};
					B22942431AA0C6A6001F3B72 = {
						CreatedOnToolsVersion = 6.3;
						TestTargetID = B229422E1AA0C6A6001F3B72;
					};
					B2EF0B151AA0D0E400AA093B = {
						CreatedOnToolsVersion = 6.3;
						DevelopmentTeam = 7SX7NNMX7Q;
						SystemCapabilities = {
							com.apple.ApplicationGroups.iOS = {
								enabled = 1;
							};
						};
					};
					B2EF0B221AA0D0E400AA093B = {
						CreatedOnToolsVersion = 6.3;
					};
				};
			};
			buildConfigurationList = B229422A1AA0C6A6001F3B72 /* Build configuration list for PBXProject "SLwatch" */;
			compatibilityVersion = "Xcode 3.2";
			developmentRegion = English;
			hasScannedForEncodings = 0;
			knownRegions = (
				en,
				Base,
			);
			mainGroup = B22942261AA0C6A6001F3B72;
			productRefGroup = B22942301AA0C6A6001F3B72 /* Products */;
			projectDirPath = "";
			projectRoot = "";
			targets = (
				B229422E1AA0C6A6001F3B72 /* SLwatch */,
				B22942431AA0C6A6001F3B72 /* SLwatchTests */,
				B2EF0B151AA0D0E400AA093B /* SLwatch WatchKit Extension */,
				B2EF0B221AA0D0E400AA093B /* SLwatch WatchKit App */,
			);
		};
/* End PBXProject section */

/* Begin PBXResourcesBuildPhase section */
		B229422D1AA0C6A6001F3B72 /* Resources */ = {
			isa = PBXResourcesBuildPhase;
			buildActionMask = 2147483647;
			files = (
				B229423A1AA0C6A6001F3B72 /* Main.storyboard in Resources */,
				B2D6EE141ACC1CEA00FA53F3 /* Localizable.strings in Resources */,
				B2BB1E851AD434B7000EBB49 /* 1024.png in Resources */,
				B229423F1AA0C6A6001F3B72 /* LaunchScreen.xib in Resources */,
				B229423C1AA0C6A6001F3B72 /* Images.xcassets in Resources */,
			);
			runOnlyForDeploymentPostprocessing = 0;
		};
		B22942421AA0C6A6001F3B72 /* Resources */ = {
			isa = PBXResourcesBuildPhase;
			buildActionMask = 2147483647;
			files = (
			);
			runOnlyForDeploymentPostprocessing = 0;
		};
		B2EF0B141AA0D0E400AA093B /* Resources */ = {
			isa = PBXResourcesBuildPhase;
			buildActionMask = 2147483647;
			files = (
				B2D6EE191ACC1EC400FA53F3 /* Localizable.strings in Resources */,
				B25C61E01AB1F8E600048B30 /* mtr-station.csv in Resources */,
				B25C61E11AB1F8E600048B30 /* sl-gtfs.csv in Resources */,
				B2EF0B201AA0D0E400AA093B /* Images.xcassets in Resources */,
				B2EF0B241AA0D0E400AA093B /* SLwatch WatchKit App.app in Resources */,
			);
			runOnlyForDeploymentPostprocessing = 0;
		};
		B2EF0B211AA0D0E400AA093B /* Resources */ = {
			isa = PBXResourcesBuildPhase;
			buildActionMask = 2147483647;
			files = (
				B2EF0B2C1AA0D0E400AA093B /* Interface.storyboard in Resources */,
				B2D6EE1A1ACC1EC500FA53F3 /* Localizable.strings in Resources */,
				B2EF0B2E1AA0D0E400AA093B /* Images.xcassets in Resources */,
			);
			runOnlyForDeploymentPostprocessing = 0;
		};
/* End PBXResourcesBuildPhase section */

/* Begin PBXShellScriptBuildPhase section */
		6723CDAA86A13D0EE5A63CEC /* Copy Pods Resources */ = {
			isa = PBXShellScriptBuildPhase;
			buildActionMask = 2147483647;
			files = (
			);
			inputPaths = (
			);
			name = "Copy Pods Resources";
			outputPaths = (
			);
			runOnlyForDeploymentPostprocessing = 0;
			shellPath = /bin/sh;
			shellScript = "\"${SRCROOT}/Pods/Target Support Files/Pods/Pods-resources.sh\"\n";
			showEnvVarsInLog = 0;
		};
		8D0EE26C0CC7329BC76F8E94 /* Copy Pods Resources */ = {
			isa = PBXShellScriptBuildPhase;
			buildActionMask = 2147483647;
			files = (
			);
			inputPaths = (
			);
			name = "Copy Pods Resources";
			outputPaths = (
			);
			runOnlyForDeploymentPostprocessing = 0;
			shellPath = /bin/sh;
			shellScript = "\"${SRCROOT}/Pods/Target Support Files/Pods/Pods-resources.sh\"\n";
			showEnvVarsInLog = 0;
		};
		9584267C73B38C94EC6CC954 /* Check Pods Manifest.lock */ = {
			isa = PBXShellScriptBuildPhase;
			buildActionMask = 2147483647;
			files = (
			);
			inputPaths = (
			);
			name = "Check Pods Manifest.lock";
			outputPaths = (
			);
			runOnlyForDeploymentPostprocessing = 0;
			shellPath = /bin/sh;
			shellScript = "diff \"${PODS_ROOT}/../Podfile.lock\" \"${PODS_ROOT}/Manifest.lock\" > /dev/null\nif [[ $? != 0 ]] ; then\n    cat << EOM\nerror: The sandbox is not in sync with the Podfile.lock. Run 'pod install' or update your CocoaPods installation.\nEOM\n    exit 1\nfi\n";
			showEnvVarsInLog = 0;
		};
		DD81E87D9C049D2C7D26AD6B /* Check Pods Manifest.lock */ = {
			isa = PBXShellScriptBuildPhase;
			buildActionMask = 2147483647;
			files = (
			);
			inputPaths = (
			);
			name = "Check Pods Manifest.lock";
			outputPaths = (
			);
			runOnlyForDeploymentPostprocessing = 0;
			shellPath = /bin/sh;
			shellScript = "diff \"${PODS_ROOT}/../Podfile.lock\" \"${PODS_ROOT}/Manifest.lock\" > /dev/null\nif [[ $? != 0 ]] ; then\n    cat << EOM\nerror: The sandbox is not in sync with the Podfile.lock. Run 'pod install' or update your CocoaPods installation.\nEOM\n    exit 1\nfi\n";
			showEnvVarsInLog = 0;
		};
/* End PBXShellScriptBuildPhase section */

/* Begin PBXSourcesBuildPhase section */
		B229422B1AA0C6A6001F3B72 /* Sources */ = {
			isa = PBXSourcesBuildPhase;
			buildActionMask = 2147483647;
			files = (
				B2D312AF1AB7192C00F72B6A /* UtilityFunctions.swift in Sources */,
				B22942371AA0C6A6001F3B72 /* ViewController.swift in Sources */,
				B2D312BA1AB725CD00F72B6A /* StationTableViewCell.swift in Sources */,
				B2EFB1A61AA8A55C001E2F26 /* Station.swift in Sources */,
				B2D312B31AB71D3500F72B6A /* DeparturesTableViewController.swift in Sources */,
				B25F2CAD1AD68307002731A7 /* SwiftyJSON.swift in Sources */,
				B25F2CB01AD6835C002731A7 /* Alamofire.swift in Sources */,
				B25E5D9F1AB349FB0081EB94 /* MMWormhole.m in Sources */,
				B2D312AB1AB7135A00F72B6A /* NearbyStationsTableViewController.swift in Sources */,
				B20016EA1AA8AB9F00886DAB /* LocationHandler.swift in Sources */,
				B2B133791AD4109300D90F58 /* FavouriteStationsTableViewController.swift in Sources */,
				B2D530291AA73C9900F4FBA2 /* Departure.swift in Sources */,
				B2D312B81AB7246D00F72B6A /* DepartureTableViewCell.swift in Sources */,
				B22942351AA0C6A6001F3B72 /* AppDelegate.swift in Sources */,
			);
			runOnlyForDeploymentPostprocessing = 0;
		};
		B22942401AA0C6A6001F3B72 /* Sources */ = {
			isa = PBXSourcesBuildPhase;
			buildActionMask = 2147483647;
			files = (
				B2EFB1A41AA896A3001E2F26 /* Departure.swift in Sources */,
				B2EFB1A71AA8A55D001E2F26 /* Station.swift in Sources */,
				B229424B1AA0C6A6001F3B72 /* SLwatchTests.swift in Sources */,
			);
			runOnlyForDeploymentPostprocessing = 0;
		};
		B2EF0B121AA0D0E400AA093B /* Sources */ = {
			isa = PBXSourcesBuildPhase;
			buildActionMask = 2147483647;
			files = (
				B2EF0B1E1AA0D0E400AA093B /* NotificationController.swift in Sources */,
				B2764B1B1AAEF48B00B22A85 /* FilterInterfaceController.swift in Sources */,
				B2E2D1B71AA9D4A9006B2FE9 /* DeparturesInterfaceController.swift in Sources */,
				B2EFB1A31AA896A2001E2F26 /* Departure.swift in Sources */,
				B2D5302B1AA7589700F4FBA2 /* NearbyStationsInterfaceController.swift in Sources */,
				B29AD4AF1AB30A3900A5B853 /* MapInterfaceController.swift in Sources */,
				B2D5302D1AA75AFE00F4FBA2 /* RowController.swift in Sources */,
				B2D253191AB334E200565001 /* GlanceInterfaceController.swift in Sources */,
				B2EF0B1C1AA0D0E400AA093B /* InterfaceController.swift in Sources */,
				B2EFB1A51AA8A54D001E2F26 /* Station.swift in Sources */,
				B2D312AD1AB717CA00F72B6A /* UtilityFunctions.swift in Sources */,
				B2764B251AAF464900B22A85 /* FavouritesInterfaceController.swift in Sources */,
				B25F2CAE1AD68307002731A7 /* SwiftyJSON.swift in Sources */,
				B25F2CB11AD6835C002731A7 /* Alamofire.swift in Sources */,
				B25E5DA01AB349FB0081EB94 /* MMWormhole.m in Sources */,
				B244118F1AA9FE6D0005F26C /* DeparturesRowController.swift in Sources */,
			);
			runOnlyForDeploymentPostprocessing = 0;
		};
/* End PBXSourcesBuildPhase section */

/* Begin PBXTargetDependency section */
		B22942461AA0C6A6001F3B72 /* PBXTargetDependency */ = {
			isa = PBXTargetDependency;
			target = B229422E1AA0C6A6001F3B72 /* SLwatch */;
			targetProxy = B22942451AA0C6A6001F3B72 /* PBXContainerItemProxy */;
		};
		B2EF0B261AA0D0E400AA093B /* PBXTargetDependency */ = {
			isa = PBXTargetDependency;
			target = B2EF0B221AA0D0E400AA093B /* SLwatch WatchKit App */;
			targetProxy = B2EF0B251AA0D0E400AA093B /* PBXContainerItemProxy */;
		};
		B2EF0B301AA0D0E400AA093B /* PBXTargetDependency */ = {
			isa = PBXTargetDependency;
			target = B2EF0B151AA0D0E400AA093B /* SLwatch WatchKit Extension */;
			targetProxy = B2EF0B2F1AA0D0E400AA093B /* PBXContainerItemProxy */;
		};
/* End PBXTargetDependency section */

/* Begin PBXVariantGroup section */
		B22942381AA0C6A6001F3B72 /* Main.storyboard */ = {
			isa = PBXVariantGroup;
			children = (
				B22942391AA0C6A6001F3B72 /* Base */,
				B2D6EE0F1ACC147500FA53F3 /* sv */,
			);
			name = Main.storyboard;
			sourceTree = "<group>";
		};
		B229423D1AA0C6A6001F3B72 /* LaunchScreen.xib */ = {
			isa = PBXVariantGroup;
			children = (
				B229423E1AA0C6A6001F3B72 /* Base */,
				B2D6EE101ACC147500FA53F3 /* sv */,
			);
			name = LaunchScreen.xib;
			sourceTree = "<group>";
		};
		B2D6EE161ACC1CEA00FA53F3 /* Localizable.strings */ = {
			isa = PBXVariantGroup;
			children = (
				B2D6EE151ACC1CEA00FA53F3 /* sv */,
				B2D6EE171ACC1CF700FA53F3 /* en */,
			);
			name = Localizable.strings;
			sourceTree = "<group>";
		};
		B2EF0B2A1AA0D0E400AA093B /* Interface.storyboard */ = {
			isa = PBXVariantGroup;
			children = (
				B2EF0B2B1AA0D0E400AA093B /* Base */,
				B2D6EE111ACC147500FA53F3 /* sv */,
			);
			name = Interface.storyboard;
			sourceTree = "<group>";
		};
/* End PBXVariantGroup section */

/* Begin XCBuildConfiguration section */
		B229424C1AA0C6A6001F3B72 /* Debug */ = {
			isa = XCBuildConfiguration;
			buildSettings = {
				ALWAYS_SEARCH_USER_PATHS = NO;
				CLANG_CXX_LANGUAGE_STANDARD = "gnu++0x";
				CLANG_CXX_LIBRARY = "libc++";
				CLANG_ENABLE_MODULES = YES;
				CLANG_ENABLE_OBJC_ARC = YES;
				CLANG_WARN_BOOL_CONVERSION = YES;
				CLANG_WARN_CONSTANT_CONVERSION = YES;
				CLANG_WARN_DIRECT_OBJC_ISA_USAGE = YES_ERROR;
				CLANG_WARN_EMPTY_BODY = YES;
				CLANG_WARN_ENUM_CONVERSION = YES;
				CLANG_WARN_INT_CONVERSION = YES;
				CLANG_WARN_OBJC_ROOT_CLASS = YES_ERROR;
				CLANG_WARN_UNREACHABLE_CODE = YES;
				CLANG_WARN__DUPLICATE_METHOD_MATCH = YES;
				"CODE_SIGN_IDENTITY[sdk=iphoneos*]" = "iPhone Developer";
				COPY_PHASE_STRIP = NO;
				DEBUG_INFORMATION_FORMAT = dwarf;
				ENABLE_STRICT_OBJC_MSGSEND = YES;
				GCC_C_LANGUAGE_STANDARD = gnu99;
				GCC_DYNAMIC_NO_PIC = NO;
				GCC_NO_COMMON_BLOCKS = YES;
				GCC_OPTIMIZATION_LEVEL = 0;
				GCC_PREPROCESSOR_DEFINITIONS = (
					"DEBUG=1",
					"$(inherited)",
				);
				GCC_SYMBOLS_PRIVATE_EXTERN = NO;
				GCC_WARN_64_TO_32_BIT_CONVERSION = YES;
				GCC_WARN_ABOUT_RETURN_TYPE = YES_ERROR;
				GCC_WARN_UNDECLARED_SELECTOR = YES;
				GCC_WARN_UNINITIALIZED_AUTOS = YES_AGGRESSIVE;
				GCC_WARN_UNUSED_FUNCTION = YES;
				GCC_WARN_UNUSED_VARIABLE = YES;
				IPHONEOS_DEPLOYMENT_TARGET = 8.2;
				MTL_ENABLE_DEBUG_INFO = YES;
				ONLY_ACTIVE_ARCH = YES;
				SDKROOT = iphoneos;
				SWIFT_OPTIMIZATION_LEVEL = "-Onone";
			};
			name = Debug;
		};
		B229424D1AA0C6A6001F3B72 /* Release */ = {
			isa = XCBuildConfiguration;
			buildSettings = {
				ALWAYS_SEARCH_USER_PATHS = NO;
				CLANG_CXX_LANGUAGE_STANDARD = "gnu++0x";
				CLANG_CXX_LIBRARY = "libc++";
				CLANG_ENABLE_MODULES = YES;
				CLANG_ENABLE_OBJC_ARC = YES;
				CLANG_WARN_BOOL_CONVERSION = YES;
				CLANG_WARN_CONSTANT_CONVERSION = YES;
				CLANG_WARN_DIRECT_OBJC_ISA_USAGE = YES_ERROR;
				CLANG_WARN_EMPTY_BODY = YES;
				CLANG_WARN_ENUM_CONVERSION = YES;
				CLANG_WARN_INT_CONVERSION = YES;
				CLANG_WARN_OBJC_ROOT_CLASS = YES_ERROR;
				CLANG_WARN_UNREACHABLE_CODE = YES;
				CLANG_WARN__DUPLICATE_METHOD_MATCH = YES;
				"CODE_SIGN_IDENTITY[sdk=iphoneos*]" = "iPhone Developer";
				COPY_PHASE_STRIP = NO;
				DEBUG_INFORMATION_FORMAT = "dwarf-with-dsym";
				ENABLE_NS_ASSERTIONS = NO;
				ENABLE_STRICT_OBJC_MSGSEND = YES;
				GCC_C_LANGUAGE_STANDARD = gnu99;
				GCC_NO_COMMON_BLOCKS = YES;
				GCC_WARN_64_TO_32_BIT_CONVERSION = YES;
				GCC_WARN_ABOUT_RETURN_TYPE = YES_ERROR;
				GCC_WARN_UNDECLARED_SELECTOR = YES;
				GCC_WARN_UNINITIALIZED_AUTOS = YES_AGGRESSIVE;
				GCC_WARN_UNUSED_FUNCTION = YES;
				GCC_WARN_UNUSED_VARIABLE = YES;
				IPHONEOS_DEPLOYMENT_TARGET = 8.2;
				MTL_ENABLE_DEBUG_INFO = NO;
				SDKROOT = iphoneos;
				VALIDATE_PRODUCT = YES;
			};
			name = Release;
		};
		B229424F1AA0C6A6001F3B72 /* Debug */ = {
			isa = XCBuildConfiguration;
			baseConfigurationReference = 20526A20AE393A3E45AFB72C /* Pods.debug.xcconfig */;
			buildSettings = {
				ASSETCATALOG_COMPILER_APPICON_NAME = AppIcon;
				CLANG_ENABLE_MODULES = YES;
				CODE_SIGN_ENTITLEMENTS = SLwatch/SLwatch.entitlements;
				CODE_SIGN_IDENTITY = "iPhone Developer";
				"CODE_SIGN_IDENTITY[sdk=iphoneos*]" = "iPhone Developer";
				EMBEDDED_CONTENT_CONTAINS_SWIFT = YES;
				INFOPLIST_FILE = SLwatch/Info.plist;
				IPHONEOS_DEPLOYMENT_TARGET = 8.1;
				LD_RUNPATH_SEARCH_PATHS = "$(inherited) @executable_path/Frameworks";
				PRODUCT_NAME = "$(TARGET_NAME)";
				PROVISIONING_PROFILE = "";
				SWIFT_OBJC_BRIDGING_HEADER = "SLwatch/SLwatch-Bridging-Header.h";
				SWIFT_OPTIMIZATION_LEVEL = "-Onone";
			};
			name = Debug;
		};
		B22942501AA0C6A6001F3B72 /* Release */ = {
			isa = XCBuildConfiguration;
			baseConfigurationReference = 5C9CA7B856BAF1B795E582CD /* Pods.release.xcconfig */;
			buildSettings = {
				ASSETCATALOG_COMPILER_APPICON_NAME = AppIcon;
				CLANG_ENABLE_MODULES = YES;
				CODE_SIGN_ENTITLEMENTS = SLwatch/SLwatch.entitlements;
				CODE_SIGN_IDENTITY = "iPhone Developer";
				"CODE_SIGN_IDENTITY[sdk=iphoneos*]" = "iPhone Developer";
				EMBEDDED_CONTENT_CONTAINS_SWIFT = YES;
				INFOPLIST_FILE = SLwatch/Info.plist;
				IPHONEOS_DEPLOYMENT_TARGET = 8.1;
				LD_RUNPATH_SEARCH_PATHS = "$(inherited) @executable_path/Frameworks";
				PRODUCT_NAME = "$(TARGET_NAME)";
				PROVISIONING_PROFILE = "";
				SWIFT_OBJC_BRIDGING_HEADER = "SLwatch/SLwatch-Bridging-Header.h";
			};
			name = Release;
		};
		B22942521AA0C6A6001F3B72 /* Debug */ = {
			isa = XCBuildConfiguration;
			buildSettings = {
				BUNDLE_LOADER = "$(TEST_HOST)";
				FRAMEWORK_SEARCH_PATHS = (
					"$(SDKROOT)/Developer/Library/Frameworks",
					"$(inherited)",
				);
				GCC_PREPROCESSOR_DEFINITIONS = (
					"DEBUG=1",
					"$(inherited)",
				);
				INFOPLIST_FILE = SLwatchTests/Info.plist;
				LD_RUNPATH_SEARCH_PATHS = "$(inherited) @executable_path/Frameworks @loader_path/Frameworks";
				PRODUCT_NAME = "$(TARGET_NAME)";
				TEST_HOST = "$(BUILT_PRODUCTS_DIR)/SLwatch.app/SLwatch";
			};
			name = Debug;
		};
		B22942531AA0C6A6001F3B72 /* Release */ = {
			isa = XCBuildConfiguration;
			buildSettings = {
				BUNDLE_LOADER = "$(TEST_HOST)";
				FRAMEWORK_SEARCH_PATHS = (
					"$(SDKROOT)/Developer/Library/Frameworks",
					"$(inherited)",
				);
				INFOPLIST_FILE = SLwatchTests/Info.plist;
				LD_RUNPATH_SEARCH_PATHS = "$(inherited) @executable_path/Frameworks @loader_path/Frameworks";
				PRODUCT_NAME = "$(TARGET_NAME)";
				TEST_HOST = "$(BUILT_PRODUCTS_DIR)/SLwatch.app/SLwatch";
			};
			name = Release;
		};
		B2EF0B331AA0D0E400AA093B /* Debug */ = {
			isa = XCBuildConfiguration;
			buildSettings = {
				ASSETCATALOG_COMPILER_APPICON_NAME = AppIcon;
				GCC_PREPROCESSOR_DEFINITIONS = (
					"DEBUG=1",
					"$(inherited)",
				);
				IBSC_MODULE = SLwatch_WatchKit_Extension;
				INFOPLIST_FILE = "SLwatch WatchKit App/Info.plist";
				PRODUCT_NAME = "$(TARGET_NAME)";
				SKIP_INSTALL = YES;
				TARGETED_DEVICE_FAMILY = 4;
				"TARGETED_DEVICE_FAMILY[sdk=iphonesimulator*]" = "1,4";
			};
			name = Debug;
		};
		B2EF0B341AA0D0E400AA093B /* Release */ = {
			isa = XCBuildConfiguration;
			buildSettings = {
				ASSETCATALOG_COMPILER_APPICON_NAME = AppIcon;
				IBSC_MODULE = SLwatch_WatchKit_Extension;
				INFOPLIST_FILE = "SLwatch WatchKit App/Info.plist";
				PRODUCT_NAME = "$(TARGET_NAME)";
				SKIP_INSTALL = YES;
				TARGETED_DEVICE_FAMILY = 4;
				"TARGETED_DEVICE_FAMILY[sdk=iphonesimulator*]" = "1,4";
			};
			name = Release;
		};
		B2EF0B361AA0D0E400AA093B /* Debug */ = {
			isa = XCBuildConfiguration;
			baseConfigurationReference = 20526A20AE393A3E45AFB72C /* Pods.debug.xcconfig */;
			buildSettings = {
				CLANG_ENABLE_MODULES = YES;
				CODE_SIGN_ENTITLEMENTS = "SLwatch WatchKit Extension/SLwatch WatchKit Extension.entitlements";
				CODE_SIGN_IDENTITY = "iPhone Developer";
				"CODE_SIGN_IDENTITY[sdk=iphoneos*]" = "iPhone Developer";
				GCC_PREPROCESSOR_DEFINITIONS = (
					"DEBUG=1",
					"$(inherited)",
				);
				HEADER_SEARCH_PATHS = "";
				INFOPLIST_FILE = "SLwatch WatchKit Extension/Info.plist";
				LD_RUNPATH_SEARCH_PATHS = "$(inherited) @executable_path/Frameworks @executable_path/../../Frameworks";
				LIBRARY_SEARCH_PATHS = "";
				PRODUCT_NAME = "${TARGET_NAME}";
				PROVISIONING_PROFILE = "";
				SKIP_INSTALL = YES;
				SWIFT_OBJC_BRIDGING_HEADER = "SLwatch WatchKit Extension/SLwatch WatchKit Extension-Bridging-Header.h";
				SWIFT_OPTIMIZATION_LEVEL = "-Onone";
			};
			name = Debug;
		};
		B2EF0B371AA0D0E400AA093B /* Release */ = {
			isa = XCBuildConfiguration;
			baseConfigurationReference = 5C9CA7B856BAF1B795E582CD /* Pods.release.xcconfig */;
			buildSettings = {
				CLANG_ENABLE_MODULES = YES;
				CODE_SIGN_ENTITLEMENTS = "SLwatch WatchKit Extension/SLwatch WatchKit Extension.entitlements";
				CODE_SIGN_IDENTITY = "iPhone Developer";
				"CODE_SIGN_IDENTITY[sdk=iphoneos*]" = "iPhone Developer";
				HEADER_SEARCH_PATHS = "";
				INFOPLIST_FILE = "SLwatch WatchKit Extension/Info.plist";
				LD_RUNPATH_SEARCH_PATHS = "$(inherited) @executable_path/Frameworks @executable_path/../../Frameworks";
				LIBRARY_SEARCH_PATHS = "";
				PRODUCT_NAME = "${TARGET_NAME}";
				PROVISIONING_PROFILE = "";
				SKIP_INSTALL = YES;
				SWIFT_OBJC_BRIDGING_HEADER = "SLwatch WatchKit Extension/SLwatch WatchKit Extension-Bridging-Header.h";
			};
			name = Release;
		};
/* End XCBuildConfiguration section */

/* Begin XCConfigurationList section */
		B229422A1AA0C6A6001F3B72 /* Build configuration list for PBXProject "SLwatch" */ = {
			isa = XCConfigurationList;
			buildConfigurations = (
				B229424C1AA0C6A6001F3B72 /* Debug */,
				B229424D1AA0C6A6001F3B72 /* Release */,
			);
			defaultConfigurationIsVisible = 0;
			defaultConfigurationName = Release;
		};
		B229424E1AA0C6A6001F3B72 /* Build configuration list for PBXNativeTarget "SLwatch" */ = {
			isa = XCConfigurationList;
			buildConfigurations = (
				B229424F1AA0C6A6001F3B72 /* Debug */,
				B22942501AA0C6A6001F3B72 /* Release */,
			);
			defaultConfigurationIsVisible = 0;
			defaultConfigurationName = Release;
		};
		B22942511AA0C6A6001F3B72 /* Build configuration list for PBXNativeTarget "SLwatchTests" */ = {
			isa = XCConfigurationList;
			buildConfigurations = (
				B22942521AA0C6A6001F3B72 /* Debug */,
				B22942531AA0C6A6001F3B72 /* Release */,
			);
			defaultConfigurationIsVisible = 0;
			defaultConfigurationName = Release;
		};
		B2EF0B321AA0D0E400AA093B /* Build configuration list for PBXNativeTarget "SLwatch WatchKit App" */ = {
			isa = XCConfigurationList;
			buildConfigurations = (
				B2EF0B331AA0D0E400AA093B /* Debug */,
				B2EF0B341AA0D0E400AA093B /* Release */,
			);
			defaultConfigurationIsVisible = 0;
			defaultConfigurationName = Release;
		};
		B2EF0B351AA0D0E400AA093B /* Build configuration list for PBXNativeTarget "SLwatch WatchKit Extension" */ = {
			isa = XCConfigurationList;
			buildConfigurations = (
				B2EF0B361AA0D0E400AA093B /* Debug */,
				B2EF0B371AA0D0E400AA093B /* Release */,
			);
			defaultConfigurationIsVisible = 0;
			defaultConfigurationName = Release;
		};
/* End XCConfigurationList section */
	};
	rootObject = B22942271AA0C6A6001F3B72 /* Project object */;
}
